
Microsoft Visual Studio Solution File, Format Version 12.00
# Visual Studio Version 16
VisualStudioVersion = 16.0.29920.165
MinimumVisualStudioVersion = 10.0.40219.1
Project("{FAE04EC0-301F-11D3-BF4B-00C04F79EFBC}") = "SampleCore", "SampleCore\SampleCore.csproj", "{0EBF2588-4F05-4C7E-BBDE-45481C7772A2}"
EndProject
Global
	GlobalSection(SolutionConfigurationPlatforms) = preSolution
		Debug|Any CPU = Debug|Any CPU
		Release|Any CPU = Release|Any CPU
	EndGlobalSection
	GlobalSection(ProjectConfigurationPlatforms) = postSolution
		{0EBF2588-4F05-4C7E-BBDE-45481C7772A2}.Debug|Any CPU.ActiveCfg = Debug|Any CPU
		{0EBF2588-4F05-4C7E-BBDE-45481C7772A2}.Debug|Any CPU.Build.0 = Debug|Any CPU
		{0EBF2588-4F05-4C7E-BBDE-45481C7772A2}.Release|Any CPU.ActiveCfg = Release|Any CPU
		{0EBF2588-4F05-4C7E-BBDE-45481C7772A2}.Release|Any CPU.Build.0 = Release|Any CPU
	EndGlobalSection
	GlobalSection(SolutionProperties) = preSolution
		HideSolutionNode = FALSE
	EndGlobalSection
	GlobalSection(ExtensibilityGlobals) = postSolution
		SolutionGuid = {EB6ECC84-091B-47B2-907E-6B71B764D271}
	EndGlobalSection
EndGlobal
